
Microsoft Visual Studio Solution File, Format Version 12.00
# Visual Studio Version 17
VisualStudioVersion = 17.5.002.0
MinimumVisualStudioVersion = 10.0.40219.1
Project("{9A19103F-16F7-4668-BE54-9A1E7A4F7556}") = "app", "app.csproj", "{607ECF51-3A2A-4194-869C-503920FA9BEC}"
EndProject
Global
	GlobalSection(SolutionConfigurationPlatforms) = preSolution
		Debug|Any CPU = Debug|Any CPU
		Release|Any CPU = Release|Any CPU
	EndGlobalSection
	GlobalSection(ProjectConfigurationPlatforms) = postSolution
		{607ECF51-3A2A-4194-869C-503920FA9BEC}.Debug|Any CPU.ActiveCfg = Debug|Any CPU
		{607ECF51-3A2A-4194-869C-503920FA9BEC}.Debug|Any CPU.Build.0 = Debug|Any CPU
		{607ECF51-3A2A-4194-869C-503920FA9BEC}.Release|Any CPU.ActiveCfg = Release|Any CPU
		{607ECF51-3A2A-4194-869C-503920FA9BEC}.Release|Any CPU.Build.0 = Release|Any CPU
	EndGlobalSection
	GlobalSection(SolutionProperties) = preSolution
		HideSolutionNode = FALSE
	EndGlobalSection
	GlobalSection(ExtensibilityGlobals) = postSolution
		SolutionGuid = {4836EB33-286B-43EC-BD93-3DDDE3E664D9}
	EndGlobalSection
EndGlobal
